// !$*UTF8*$!
{
	archiveVersion = 1;
	classes = {
	};
	objectVersion = 70;
	objects = {

/* Begin PBXBuildFile section */
		928E63742D4D3A600000CAE3 /* RxCocoa in Frameworks */ = {isa = PBXBuildFile; productRef = 928E63732D4D3A600000CAE3 /* RxCocoa */; };
		928E63762D4D3A660000CAE3 /* RxSwift in Frameworks */ = {isa = PBXBuildFile; productRef = 928E63752D4D3A660000CAE3 /* RxSwift */; };
		92D439002D4D3012007667B1 /* Alamofire in Frameworks */ = {isa = PBXBuildFile; productRef = 92D438FF2D4D3012007667B1 /* Alamofire */; };
		92D439062D4D3053007667B1 /* SDWebImage in Frameworks */ = {isa = PBXBuildFile; productRef = 92D439052D4D3053007667B1 /* SDWebImage */; };
		92D439082D4D3053007667B1 /* SDWebImageMapKit in Frameworks */ = {isa = PBXBuildFile; productRef = 92D439072D4D3053007667B1 /* SDWebImageMapKit */; };
		92E3EA212CCC012D00160364 /* AppDelegate.swift in Sources */ = {isa = PBXBuildFile; fileRef = 92E3EA202CCC012D00160364 /* AppDelegate.swift */; };
		92E3EA232CCC012D00160364 /* SceneDelegate.swift in Sources */ = {isa = PBXBuildFile; fileRef = 92E3EA222CCC012D00160364 /* SceneDelegate.swift */; };
		92E3EA282CCC012D00160364 /* Base in Resources */ = {isa = PBXBuildFile; fileRef = 92E3EA272CCC012D00160364 /* Base */; };
		92E3EA2A2CCC013200160364 /* Assets.xcassets in Resources */ = {isa = PBXBuildFile; fileRef = 92E3EA292CCC013200160364 /* Assets.xcassets */; };
		92E3EA2D2CCC013200160364 /* Base in Resources */ = {isa = PBXBuildFile; fileRef = 92E3EA2C2CCC013200160364 /* Base */; };
/* End PBXBuildFile section */

/* Begin PBXContainerItemProxy section */
		92619FDC2EB5F3B3002F4361 /* PBXContainerItemProxy */ = {
			isa = PBXContainerItemProxy;
			containerPortal = 92E3EA152CCC012D00160364 /* Project object */;
			proxyType = 1;
			remoteGlobalIDString = 92E3EA1C2CCC012D00160364;
			remoteInfo = MovieDB;
		};
		92619FEB2EB5F3F7002F4361 /* PBXContainerItemProxy */ = {
			isa = PBXContainerItemProxy;
			containerPortal = 92E3EA152CCC012D00160364 /* Project object */;
			proxyType = 1;
			remoteGlobalIDString = 92E3EA1C2CCC012D00160364;
			remoteInfo = MovieDB;
		};
/* End PBXContainerItemProxy section */

/* Begin PBXFileReference section */
		92619FD82EB5F3B3002F4361 /* MovieDBTests.xctest */ = {isa = PBXFileReference; explicitFileType = wrapper.cfbundle; includeInIndex = 0; path = MovieDBTests.xctest; sourceTree = BUILT_PRODUCTS_DIR; };
		92619FE52EB5F3F7002F4361 /* MovieDBUITests.xctest */ = {isa = PBXFileReference; explicitFileType = wrapper.cfbundle; includeInIndex = 0; path = MovieDBUITests.xctest; sourceTree = BUILT_PRODUCTS_DIR; };
		92E3EA1D2CCC012D00160364 /* MovieDB.app */ = {isa = PBXFileReference; explicitFileType = wrapper.application; includeInIndex = 0; path = MovieDB.app; sourceTree = BUILT_PRODUCTS_DIR; };
		92E3EA202CCC012D00160364 /* AppDelegate.swift */ = {isa = PBXFileReference; lastKnownFileType = sourcecode.swift; path = AppDelegate.swift; sourceTree = "<group>"; };
		92E3EA222CCC012D00160364 /* SceneDelegate.swift */ = {isa = PBXFileReference; lastKnownFileType = sourcecode.swift; path = SceneDelegate.swift; sourceTree = "<group>"; };
		92E3EA272CCC012D00160364 /* Base */ = {isa = PBXFileReference; lastKnownFileType = file.storyboard; name = Base; path = Base.lproj/Main.storyboard; sourceTree = "<group>"; };
		92E3EA292CCC013200160364 /* Assets.xcassets */ = {isa = PBXFileReference; lastKnownFileType = folder.assetcatalog; path = Assets.xcassets; sourceTree = "<group>"; };
		92E3EA2C2CCC013200160364 /* Base */ = {isa = PBXFileReference; lastKnownFileType = file.storyboard; name = Base; path = Base.lproj/LaunchScreen.storyboard; sourceTree = "<group>"; };
		92E3EA2E2CCC013200160364 /* Info.plist */ = {isa = PBXFileReference; lastKnownFileType = text.plist.xml; path = Info.plist; sourceTree = "<group>"; };
/* End PBXFileReference section */

/* Begin PBXFileSystemSynchronizedRootGroup section */
		92383BC62D4D1C1800D1EB3F /* ViewModel */ = {isa = PBXFileSystemSynchronizedRootGroup; explicitFileTypes = {}; explicitFolders = (); path = ViewModel; sourceTree = "<group>"; };
		92619FD92EB5F3B3002F4361 /* MovieDBTests */ = {isa = PBXFileSystemSynchronizedRootGroup; explicitFileTypes = {}; explicitFolders = (); path = MovieDBTests; sourceTree = "<group>"; };
		92619FE62EB5F3F7002F4361 /* MovieDBUITests */ = {isa = PBXFileSystemSynchronizedRootGroup; explicitFileTypes = {}; explicitFolders = (); path = MovieDBUITests; sourceTree = "<group>"; };
		9292BDA82D4E0C3100BC69D4 /* View */ = {isa = PBXFileSystemSynchronizedRootGroup; explicitFileTypes = {}; explicitFolders = (); path = View; sourceTree = "<group>"; };
		9293A5A72D3E97A30031BCE9 /* Model */ = {isa = PBXFileSystemSynchronizedRootGroup; explicitFileTypes = {}; explicitFolders = (); path = Model; sourceTree = "<group>"; };
		9293A5AC2D3E9A750031BCE9 /* Networking */ = {isa = PBXFileSystemSynchronizedRootGroup; explicitFileTypes = {}; explicitFolders = (); path = Networking; sourceTree = "<group>"; };
		929D4D572D3AA57E00D6BD7F /* Utils */ = {isa = PBXFileSystemSynchronizedRootGroup; explicitFileTypes = {}; explicitFolders = (); path = Utils; sourceTree = "<group>"; };
/* End PBXFileSystemSynchronizedRootGroup section */

/* Begin PBXFrameworksBuildPhase section */
		92619FD52EB5F3B3002F4361 /* Frameworks */ = {
			isa = PBXFrameworksBuildPhase;
			buildActionMask = 2147483647;
			files = (
			);
			runOnlyForDeploymentPostprocessing = 0;
		};
		92619FE22EB5F3F7002F4361 /* Frameworks */ = {
			isa = PBXFrameworksBuildPhase;
			buildActionMask = 2147483647;
			files = (
			);
			runOnlyForDeploymentPostprocessing = 0;
		};
		92E3EA1A2CCC012D00160364 /* Frameworks */ = {
			isa = PBXFrameworksBuildPhase;
			buildActionMask = 2147483647;
			files = (
				92D439062D4D3053007667B1 /* SDWebImage in Frameworks */,
				92D439002D4D3012007667B1 /* Alamofire in Frameworks */,
				928E63762D4D3A660000CAE3 /* RxSwift in Frameworks */,
				928E63742D4D3A600000CAE3 /* RxCocoa in Frameworks */,
				92D439082D4D3053007667B1 /* SDWebImageMapKit in Frameworks */,
			);
			runOnlyForDeploymentPostprocessing = 0;
		};
/* End PBXFrameworksBuildPhase section */

/* Begin PBXGroup section */
		92E3EA142CCC012D00160364 = {
			isa = PBXGroup;
			children = (
				92E3EA1F2CCC012D00160364 /* MovieDB */,
				92619FD92EB5F3B3002F4361 /* MovieDBTests */,
				92619FE62EB5F3F7002F4361 /* MovieDBUITests */,
				92E3EA1E2CCC012D00160364 /* Products */,
			);
			sourceTree = "<group>";
		};
		92E3EA1E2CCC012D00160364 /* Products */ = {
			isa = PBXGroup;
			children = (
				92E3EA1D2CCC012D00160364 /* MovieDB.app */,
				92619FD82EB5F3B3002F4361 /* MovieDBTests.xctest */,
				92619FE52EB5F3F7002F4361 /* MovieDBUITests.xctest */,
			);
			name = Products;
			sourceTree = "<group>";
		};
		92E3EA1F2CCC012D00160364 /* MovieDB */ = {
			isa = PBXGroup;
			children = (
				92E3EA202CCC012D00160364 /* AppDelegate.swift */,
				92E3EA222CCC012D00160364 /* SceneDelegate.swift */,
				9293A5A72D3E97A30031BCE9 /* Model */,
				9293A5AC2D3E9A750031BCE9 /* Networking */,
				929D4D572D3AA57E00D6BD7F /* Utils */,
				9292BDA82D4E0C3100BC69D4 /* View */,
				92383BC62D4D1C1800D1EB3F /* ViewModel */,
				92E3EA262CCC012D00160364 /* Main.storyboard */,
				92E3EA292CCC013200160364 /* Assets.xcassets */,
				92E3EA2B2CCC013200160364 /* LaunchScreen.storyboard */,
				92E3EA2E2CCC013200160364 /* Info.plist */,
			);
			path = MovieDB;
			sourceTree = "<group>";
		};
/* End PBXGroup section */

/* Begin PBXNativeTarget section */
		92619FD72EB5F3B3002F4361 /* MovieDBTests */ = {
			isa = PBXNativeTarget;
			buildConfigurationList = 92619FDE2EB5F3B3002F4361 /* Build configuration list for PBXNativeTarget "MovieDBTests" */;
			buildPhases = (
				92619FD42EB5F3B3002F4361 /* Sources */,
				92619FD52EB5F3B3002F4361 /* Frameworks */,
				92619FD62EB5F3B3002F4361 /* Resources */,
			);
			buildRules = (
			);
			dependencies = (
				92619FDD2EB5F3B3002F4361 /* PBXTargetDependency */,
			);
			fileSystemSynchronizedGroups = (
				92619FD92EB5F3B3002F4361 /* MovieDBTests */,
			);
			name = MovieDBTests;
			packageProductDependencies = (
			);
			productName = MovieDBTests;
			productReference = 92619FD82EB5F3B3002F4361 /* MovieDBTests.xctest */;
			productType = "com.apple.product-type.bundle.unit-test";
		};
		92619FE42EB5F3F7002F4361 /* MovieDBUITests */ = {
			isa = PBXNativeTarget;
			buildConfigurationList = 92619FED2EB5F3F7002F4361 /* Build configuration list for PBXNativeTarget "MovieDBUITests" */;
			buildPhases = (
				92619FE12EB5F3F7002F4361 /* Sources */,
				92619FE22EB5F3F7002F4361 /* Frameworks */,
				92619FE32EB5F3F7002F4361 /* Resources */,
			);
			buildRules = (
			);
			dependencies = (
				92619FEC2EB5F3F7002F4361 /* PBXTargetDependency */,
			);
			fileSystemSynchronizedGroups = (
				92619FE62EB5F3F7002F4361 /* MovieDBUITests */,
			);
			name = MovieDBUITests;
			packageProductDependencies = (
			);
			productName = MovieDBUITests;
			productReference = 92619FE52EB5F3F7002F4361 /* MovieDBUITests.xctest */;
			productType = "com.apple.product-type.bundle.ui-testing";
		};
		92E3EA1C2CCC012D00160364 /* MovieDB */ = {
			isa = PBXNativeTarget;
			buildConfigurationList = 92E3EA312CCC013200160364 /* Build configuration list for PBXNativeTarget "MovieDB" */;
			buildPhases = (
				92E3EA192CCC012D00160364 /* Sources */,
				92E3EA1A2CCC012D00160364 /* Frameworks */,
				92E3EA1B2CCC012D00160364 /* Resources */,
			);
			buildRules = (
			);
			dependencies = (
			);
			fileSystemSynchronizedGroups = (
				92383BC62D4D1C1800D1EB3F /* ViewModel */,
				9292BDA82D4E0C3100BC69D4 /* View */,
				9293A5A72D3E97A30031BCE9 /* Model */,
				9293A5AC2D3E9A750031BCE9 /* Networking */,
				929D4D572D3AA57E00D6BD7F /* Utils */,
			);
			name = MovieDB;
			productName = MovieDB;
			productReference = 92E3EA1D2CCC012D00160364 /* MovieDB.app */;
			productType = "com.apple.product-type.application";
		};
/* End PBXNativeTarget section */

/* Begin PBXProject section */
		92E3EA152CCC012D00160364 /* Project object */ = {
			isa = PBXProject;
			attributes = {
				BuildIndependentTargetsInParallel = 1;
				LastSwiftUpdateCheck = 2600;
				LastUpgradeCheck = 1540;
				TargetAttributes = {
					92619FD72EB5F3B3002F4361 = {
						CreatedOnToolsVersion = 26.0;
						LastSwiftMigration = 2600;
						TestTargetID = 92E3EA1C2CCC012D00160364;
					};
					92619FE42EB5F3F7002F4361 = {
						CreatedOnToolsVersion = 26.0;
						LastSwiftMigration = 2600;
						TestTargetID = 92E3EA1C2CCC012D00160364;
					};
					92E3EA1C2CCC012D00160364 = {
						CreatedOnToolsVersion = 15.4;
					};
				};
			};
			buildConfigurationList = 92E3EA182CCC012D00160364 /* Build configuration list for PBXProject "MovieDB" */;
			compatibilityVersion = "Xcode 14.0";
			developmentRegion = en;
			hasScannedForEncodings = 0;
			knownRegions = (
				en,
				Base,
			);
			mainGroup = 92E3EA142CCC012D00160364;
			packageReferences = (
				92D438FE2D4D3012007667B1 /* XCRemoteSwiftPackageReference "Alamofire" */,
				92D439032D4D3031007667B1 /* XCRemoteSwiftPackageReference "RxSwift" */,
				92D439042D4D3053007667B1 /* XCRemoteSwiftPackageReference "SDWebImage" */,
			);
			productRefGroup = 92E3EA1E2CCC012D00160364 /* Products */;
			projectDirPath = "";
			projectRoot = "";
			targets = (
				92E3EA1C2CCC012D00160364 /* MovieDB */,
				92619FD72EB5F3B3002F4361 /* MovieDBTests */,
				92619FE42EB5F3F7002F4361 /* MovieDBUITests */,
			);
		};
/* End PBXProject section */

/* Begin PBXResourcesBuildPhase section */
		92619FD62EB5F3B3002F4361 /* Resources */ = {
			isa = PBXResourcesBuildPhase;
			buildActionMask = 2147483647;
			files = (
			);
			runOnlyForDeploymentPostprocessing = 0;
		};
		92619FE32EB5F3F7002F4361 /* Resources */ = {
			isa = PBXResourcesBuildPhase;
			buildActionMask = 2147483647;
			files = (
			);
			runOnlyForDeploymentPostprocessing = 0;
		};
		92E3EA1B2CCC012D00160364 /* Resources */ = {
			isa = PBXResourcesBuildPhase;
			buildActionMask = 2147483647;
			files = (
				92E3EA2A2CCC013200160364 /* Assets.xcassets in Resources */,
				92E3EA2D2CCC013200160364 /* Base in Resources */,
				92E3EA282CCC012D00160364 /* Base in Resources */,
			);
			runOnlyForDeploymentPostprocessing = 0;
		};
/* End PBXResourcesBuildPhase section */

/* Begin PBXSourcesBuildPhase section */
		92619FD42EB5F3B3002F4361 /* Sources */ = {
			isa = PBXSourcesBuildPhase;
			buildActionMask = 2147483647;
			files = (
			);
			runOnlyForDeploymentPostprocessing = 0;
		};
		92619FE12EB5F3F7002F4361 /* Sources */ = {
			isa = PBXSourcesBuildPhase;
			buildActionMask = 2147483647;
			files = (
			);
			runOnlyForDeploymentPostprocessing = 0;
		};
		92E3EA192CCC012D00160364 /* Sources */ = {
			isa = PBXSourcesBuildPhase;
			buildActionMask = 2147483647;
			files = (
				92E3EA212CCC012D00160364 /* AppDelegate.swift in Sources */,
				92E3EA232CCC012D00160364 /* SceneDelegate.swift in Sources */,
			);
			runOnlyForDeploymentPostprocessing = 0;
		};
/* End PBXSourcesBuildPhase section */

/* Begin PBXTargetDependency section */
		92619FDD2EB5F3B3002F4361 /* PBXTargetDependency */ = {
			isa = PBXTargetDependency;
			target = 92E3EA1C2CCC012D00160364 /* MovieDB */;
			targetProxy = 92619FDC2EB5F3B3002F4361 /* PBXContainerItemProxy */;
		};
		92619FEC2EB5F3F7002F4361 /* PBXTargetDependency */ = {
			isa = PBXTargetDependency;
			target = 92E3EA1C2CCC012D00160364 /* MovieDB */;
			targetProxy = 92619FEB2EB5F3F7002F4361 /* PBXContainerItemProxy */;
		};
/* End PBXTargetDependency section */

/* Begin PBXVariantGroup section */
		92E3EA262CCC012D00160364 /* Main.storyboard */ = {
			isa = PBXVariantGroup;
			children = (
				92E3EA272CCC012D00160364 /* Base */,
			);
			name = Main.storyboard;
			sourceTree = "<group>";
		};
		92E3EA2B2CCC013200160364 /* LaunchScreen.storyboard */ = {
			isa = PBXVariantGroup;
			children = (
				92E3EA2C2CCC013200160364 /* Base */,
			);
			name = LaunchScreen.storyboard;
			sourceTree = "<group>";
		};
/* End PBXVariantGroup section */

/* Begin XCBuildConfiguration section */
		92619FDF2EB5F3B3002F4361 /* Debug */ = {
			isa = XCBuildConfiguration;
			buildSettings = {
				BUNDLE_LOADER = "$(TEST_HOST)";
				CLANG_ENABLE_MODULES = YES;
				"CODE_SIGN_IDENTITY[sdk=macosx*]" = "Apple Development";
				CODE_SIGN_STYLE = Automatic;
				CURRENT_PROJECT_VERSION = 1;
				DEVELOPMENT_TEAM = 4GECBT57HV;
				GENERATE_INFOPLIST_FILE = YES;
				IPHONEOS_DEPLOYMENT_TARGET = 26.0;
				MARKETING_VERSION = 1.0;
				PRODUCT_BUNDLE_IDENTIFIER = com.thebillionaire.MovieDB.MovieDBTests;
				PRODUCT_NAME = "$(TARGET_NAME)";
				STRING_CATALOG_GENERATE_SYMBOLS = NO;
				SWIFT_APPROACHABLE_CONCURRENCY = YES;
				SWIFT_EMIT_LOC_STRINGS = NO;
				SWIFT_OPTIMIZATION_LEVEL = "-Onone";
				SWIFT_UPCOMING_FEATURE_MEMBER_IMPORT_VISIBILITY = YES;
				SWIFT_VERSION = 5.0;
				TARGETED_DEVICE_FAMILY = "1,2";
				TEST_HOST = "$(BUILT_PRODUCTS_DIR)/MovieDB.app/$(BUNDLE_EXECUTABLE_FOLDER_PATH)/MovieDB";
			};
			name = Debug;
		};
		92619FE02EB5F3B3002F4361 /* Release */ = {
			isa = XCBuildConfiguration;
			buildSettings = {
				BUNDLE_LOADER = "$(TEST_HOST)";
				CLANG_ENABLE_MODULES = YES;
				"CODE_SIGN_IDENTITY[sdk=macosx*]" = "Apple Development";
				CODE_SIGN_STYLE = Automatic;
				CURRENT_PROJECT_VERSION = 1;
				DEVELOPMENT_TEAM = 4GECBT57HV;
				GENERATE_INFOPLIST_FILE = YES;
				IPHONEOS_DEPLOYMENT_TARGET = 26.0;
				MARKETING_VERSION = 1.0;
				PRODUCT_BUNDLE_IDENTIFIER = com.thebillionaire.MovieDB.MovieDBTests;
				PRODUCT_NAME = "$(TARGET_NAME)";
				STRING_CATALOG_GENERATE_SYMBOLS = NO;
				SWIFT_APPROACHABLE_CONCURRENCY = YES;
				SWIFT_EMIT_LOC_STRINGS = NO;
				SWIFT_UPCOMING_FEATURE_MEMBER_IMPORT_VISIBILITY = YES;
				SWIFT_VERSION = 5.0;
				TARGETED_DEVICE_FAMILY = "1,2";
				TEST_HOST = "$(BUILT_PRODUCTS_DIR)/MovieDB.app/$(BUNDLE_EXECUTABLE_FOLDER_PATH)/MovieDB";
			};
			name = Release;
		};
		92619FEE2EB5F3F7002F4361 /* Debug */ = {
			isa = XCBuildConfiguration;
			buildSettings = {
				CLANG_ENABLE_MODULES = YES;
				CODE_SIGN_STYLE = Automatic;
				CURRENT_PROJECT_VERSION = 1;
				DEVELOPMENT_TEAM = 4GECBT57HV;
				GENERATE_INFOPLIST_FILE = YES;
				IPHONEOS_DEPLOYMENT_TARGET = 26.0;
				MARKETING_VERSION = 1.0;
				PRODUCT_BUNDLE_IDENTIFIER = com.thebillionaire.MovieDB.MovieDBUITests;
				PRODUCT_NAME = "$(TARGET_NAME)";
				STRING_CATALOG_GENERATE_SYMBOLS = NO;
				SWIFT_APPROACHABLE_CONCURRENCY = YES;
				SWIFT_EMIT_LOC_STRINGS = NO;
				SWIFT_OPTIMIZATION_LEVEL = "-Onone";
				SWIFT_UPCOMING_FEATURE_MEMBER_IMPORT_VISIBILITY = YES;
				SWIFT_VERSION = 5.0;
				TARGETED_DEVICE_FAMILY = "1,2";
				TEST_TARGET_NAME = MovieDB;
			};
			name = Debug;
		};
		92619FEF2EB5F3F7002F4361 /* Release */ = {
			isa = XCBuildConfiguration;
			buildSettings = {
				CLANG_ENABLE_MODULES = YES;
				CODE_SIGN_STYLE = Automatic;
				CURRENT_PROJECT_VERSION = 1;
				DEVELOPMENT_TEAM = 4GECBT57HV;
				GENERATE_INFOPLIST_FILE = YES;
				IPHONEOS_DEPLOYMENT_TARGET = 26.0;
				MARKETING_VERSION = 1.0;
				PRODUCT_BUNDLE_IDENTIFIER = com.thebillionaire.MovieDB.MovieDBUITests;
				PRODUCT_NAME = "$(TARGET_NAME)";
				STRING_CATALOG_GENERATE_SYMBOLS = NO;
				SWIFT_APPROACHABLE_CONCURRENCY = YES;
				SWIFT_EMIT_LOC_STRINGS = NO;
				SWIFT_UPCOMING_FEATURE_MEMBER_IMPORT_VISIBILITY = YES;
				SWIFT_VERSION = 5.0;
				TARGETED_DEVICE_FAMILY = "1,2";
				TEST_TARGET_NAME = MovieDB;
			};
			name = Release;
		};
		92E3EA2F2CCC013200160364 /* Debug */ = {
			isa = XCBuildConfiguration;
			buildSettings = {
				ALWAYS_SEARCH_USER_PATHS = NO;
				ASSETCATALOG_COMPILER_GENERATE_SWIFT_ASSET_SYMBOL_EXTENSIONS = YES;
				CLANG_ANALYZER_NONNULL = YES;
				CLANG_ANALYZER_NUMBER_OBJECT_CONVERSION = YES_AGGRESSIVE;
				CLANG_CXX_LANGUAGE_STANDARD = "gnu++20";
				CLANG_ENABLE_MODULES = YES;
				CLANG_ENABLE_OBJC_ARC = YES;
				CLANG_ENABLE_OBJC_WEAK = YES;
				CLANG_WARN_BLOCK_CAPTURE_AUTORELEASING = YES;
				CLANG_WARN_BOOL_CONVERSION = YES;
				CLANG_WARN_COMMA = YES;
				CLANG_WARN_CONSTANT_CONVERSION = YES;
				CLANG_WARN_DEPRECATED_OBJC_IMPLEMENTATIONS = YES;
				CLANG_WARN_DIRECT_OBJC_ISA_USAGE = YES_ERROR;
				CLANG_WARN_DOCUMENTATION_COMMENTS = YES;
				CLANG_WARN_EMPTY_BODY = YES;
				CLANG_WARN_ENUM_CONVERSION = YES;
				CLANG_WARN_INFINITE_RECURSION = YES;
				CLANG_WARN_INT_CONVERSION = YES;
				CLANG_WARN_NON_LITERAL_NULL_CONVERSION = YES;
				CLANG_WARN_OBJC_IMPLICIT_RETAIN_SELF = YES;
				CLANG_WARN_OBJC_LITERAL_CONVERSION = YES;
				CLANG_WARN_OBJC_ROOT_CLASS = YES_ERROR;
				CLANG_WARN_QUOTED_INCLUDE_IN_FRAMEWORK_HEADER = YES;
				CLANG_WARN_RANGE_LOOP_ANALYSIS = YES;
				CLANG_WARN_STRICT_PROTOTYPES = YES;
				CLANG_WARN_SUSPICIOUS_MOVE = YES;
				CLANG_WARN_UNGUARDED_AVAILABILITY = YES_AGGRESSIVE;
				CLANG_WARN_UNREACHABLE_CODE = YES;
				CLANG_WARN__DUPLICATE_METHOD_MATCH = YES;
				COPY_PHASE_STRIP = NO;
				DEBUG_INFORMATION_FORMAT = dwarf;
				ENABLE_STRICT_OBJC_MSGSEND = YES;
				ENABLE_TESTABILITY = YES;
				ENABLE_USER_SCRIPT_SANDBOXING = YES;
				GCC_C_LANGUAGE_STANDARD = gnu17;
				GCC_DYNAMIC_NO_PIC = NO;
				GCC_NO_COMMON_BLOCKS = YES;
				GCC_OPTIMIZATION_LEVEL = 0;
				GCC_PREPROCESSOR_DEFINITIONS = (
					"DEBUG=1",
					"$(inherited)",
				);
				GCC_WARN_64_TO_32_BIT_CONVERSION = YES;
				GCC_WARN_ABOUT_RETURN_TYPE = YES_ERROR;
				GCC_WARN_UNDECLARED_SELECTOR = YES;
				GCC_WARN_UNINITIALIZED_AUTOS = YES_AGGRESSIVE;
				GCC_WARN_UNUSED_FUNCTION = YES;
				GCC_WARN_UNUSED_VARIABLE = YES;
				IPHONEOS_DEPLOYMENT_TARGET = 17.5;
				LOCALIZATION_PREFERS_STRING_CATALOGS = YES;
				MTL_ENABLE_DEBUG_INFO = INCLUDE_SOURCE;
				MTL_FAST_MATH = YES;
				ONLY_ACTIVE_ARCH = YES;
				SDKROOT = iphoneos;
				SWIFT_ACTIVE_COMPILATION_CONDITIONS = "DEBUG $(inherited)";
				SWIFT_OPTIMIZATION_LEVEL = "-Onone";
			};
			name = Debug;
		};
		92E3EA302CCC013200160364 /* Release */ = {
			isa = XCBuildConfiguration;
			buildSettings = {
				ALWAYS_SEARCH_USER_PATHS = NO;
				ASSETCATALOG_COMPILER_GENERATE_SWIFT_ASSET_SYMBOL_EXTENSIONS = YES;
				CLANG_ANALYZER_NONNULL = YES;
				CLANG_ANALYZER_NUMBER_OBJECT_CONVERSION = YES_AGGRESSIVE;
				CLANG_CXX_LANGUAGE_STANDARD = "gnu++20";
				CLANG_ENABLE_MODULES = YES;
				CLANG_ENABLE_OBJC_ARC = YES;
				CLANG_ENABLE_OBJC_WEAK = YES;
				CLANG_WARN_BLOCK_CAPTURE_AUTORELEASING = YES;
				CLANG_WARN_BOOL_CONVERSION = YES;
				CLANG_WARN_COMMA = YES;
				CLANG_WARN_CONSTANT_CONVERSION = YES;
				CLANG_WARN_DEPRECATED_OBJC_IMPLEMENTATIONS = YES;
				CLANG_WARN_DIRECT_OBJC_ISA_USAGE = YES_ERROR;
				CLANG_WARN_DOCUMENTATION_COMMENTS = YES;
				CLANG_WARN_EMPTY_BODY = YES;
				CLANG_WARN_ENUM_CONVERSION = YES;
				CLANG_WARN_INFINITE_RECURSION = YES;
				CLANG_WARN_INT_CONVERSION = YES;
				CLANG_WARN_NON_LITERAL_NULL_CONVERSION = YES;
				CLANG_WARN_OBJC_IMPLICIT_RETAIN_SELF = YES;
				CLANG_WARN_OBJC_LITERAL_CONVERSION = YES;
				CLANG_WARN_OBJC_ROOT_CLASS = YES_ERROR;
				CLANG_WARN_QUOTED_INCLUDE_IN_FRAMEWORK_HEADER = YES;
				CLANG_WARN_RANGE_LOOP_ANALYSIS = YES;
				CLANG_WARN_STRICT_PROTOTYPES = YES;
				CLANG_WARN_SUSPICIOUS_MOVE = YES;
				CLANG_WARN_UNGUARDED_AVAILABILITY = YES_AGGRESSIVE;
				CLANG_WARN_UNREACHABLE_CODE = YES;
				CLANG_WARN__DUPLICATE_METHOD_MATCH = YES;
				COPY_PHASE_STRIP = NO;
				DEBUG_INFORMATION_FORMAT = "dwarf-with-dsym";
				ENABLE_NS_ASSERTIONS = NO;
				ENABLE_STRICT_OBJC_MSGSEND = YES;
				ENABLE_USER_SCRIPT_SANDBOXING = YES;
				GCC_C_LANGUAGE_STANDARD = gnu17;
				GCC_NO_COMMON_BLOCKS = YES;
				GCC_WARN_64_TO_32_BIT_CONVERSION = YES;
				GCC_WARN_ABOUT_RETURN_TYPE = YES_ERROR;
				GCC_WARN_UNDECLARED_SELECTOR = YES;
				GCC_WARN_UNINITIALIZED_AUTOS = YES_AGGRESSIVE;
				GCC_WARN_UNUSED_FUNCTION = YES;
				GCC_WARN_UNUSED_VARIABLE = YES;
				IPHONEOS_DEPLOYMENT_TARGET = 17.5;
				LOCALIZATION_PREFERS_STRING_CATALOGS = YES;
				MTL_ENABLE_DEBUG_INFO = NO;
				MTL_FAST_MATH = YES;
				SDKROOT = iphoneos;
				SWIFT_COMPILATION_MODE = wholemodule;
				VALIDATE_PRODUCT = YES;
			};
			name = Release;
		};
		92E3EA322CCC013200160364 /* Debug */ = {
			isa = XCBuildConfiguration;
			buildSettings = {
				ASSETCATALOG_COMPILER_APPICON_NAME = AppIcon;
				ASSETCATALOG_COMPILER_GLOBAL_ACCENT_COLOR_NAME = AccentColor;
				CODE_SIGN_STYLE = Automatic;
				CURRENT_PROJECT_VERSION = 1;
				DEVELOPMENT_TEAM = 4GECBT57HV;
				ENABLE_USER_SCRIPT_SANDBOXING = NO;
				GENERATE_INFOPLIST_FILE = YES;
				INFOPLIST_FILE = MovieDB/Info.plist;
				INFOPLIST_KEY_UIApplicationSupportsIndirectInputEvents = YES;
				INFOPLIST_KEY_UILaunchStoryboardName = LaunchScreen;
				INFOPLIST_KEY_UIMainStoryboardFile = Main;
				INFOPLIST_KEY_UISupportedInterfaceOrientations_iPad = "UIInterfaceOrientationPortrait UIInterfaceOrientationPortraitUpsideDown UIInterfaceOrientationLandscapeLeft UIInterfaceOrientationLandscapeRight";
				INFOPLIST_KEY_UISupportedInterfaceOrientations_iPhone = "UIInterfaceOrientationPortrait UIInterfaceOrientationLandscapeLeft UIInterfaceOrientationLandscapeRight";
				IPHONEOS_DEPLOYMENT_TARGET = 15.6;
				LD_RUNPATH_SEARCH_PATHS = (
					"$(inherited)",
					"@executable_path/Frameworks",
				);
				MARKETING_VERSION = 1.0;
				PRODUCT_BUNDLE_IDENTIFIER = com.thebillionaire.MovieDB;
				PRODUCT_NAME = "$(TARGET_NAME)";
				SWIFT_EMIT_LOC_STRINGS = YES;
				SWIFT_VERSION = 5.0;
				TARGETED_DEVICE_FAMILY = "1,2";
			};
			name = Debug;
		};
		92E3EA332CCC013200160364 /* Release */ = {
			isa = XCBuildConfiguration;
			buildSettings = {
				ASSETCATALOG_COMPILER_APPICON_NAME = AppIcon;
				ASSETCATALOG_COMPILER_GLOBAL_ACCENT_COLOR_NAME = AccentColor;
				CODE_SIGN_STYLE = Automatic;
				CURRENT_PROJECT_VERSION = 1;
				DEVELOPMENT_TEAM = 4GECBT57HV;
				ENABLE_USER_SCRIPT_SANDBOXING = NO;
				GENERATE_INFOPLIST_FILE = YES;
				INFOPLIST_FILE = MovieDB/Info.plist;
				INFOPLIST_KEY_UIApplicationSupportsIndirectInputEvents = YES;
				INFOPLIST_KEY_UILaunchStoryboardName = LaunchScreen;
				INFOPLIST_KEY_UIMainStoryboardFile = Main;
				INFOPLIST_KEY_UISupportedInterfaceOrientations_iPad = "UIInterfaceOrientationPortrait UIInterfaceOrientationPortraitUpsideDown UIInterfaceOrientationLandscapeLeft UIInterfaceOrientationLandscapeRight";
				INFOPLIST_KEY_UISupportedInterfaceOrientations_iPhone = "UIInterfaceOrientationPortrait UIInterfaceOrientationLandscapeLeft UIInterfaceOrientationLandscapeRight";
				IPHONEOS_DEPLOYMENT_TARGET = 15.6;
				LD_RUNPATH_SEARCH_PATHS = (
					"$(inherited)",
					"@executable_path/Frameworks",
				);
				MARKETING_VERSION = 1.0;
				PRODUCT_BUNDLE_IDENTIFIER = com.thebillionaire.MovieDB;
				PRODUCT_NAME = "$(TARGET_NAME)";
				SWIFT_EMIT_LOC_STRINGS = YES;
				SWIFT_VERSION = 5.0;
				TARGETED_DEVICE_FAMILY = "1,2";
			};
			name = Release;
		};
/* End XCBuildConfiguration section */

/* Begin XCConfigurationList section */
		92619FDE2EB5F3B3002F4361 /* Build configuration list for PBXNativeTarget "MovieDBTests" */ = {
			isa = XCConfigurationList;
			buildConfigurations = (
				92619FDF2EB5F3B3002F4361 /* Debug */,
				92619FE02EB5F3B3002F4361 /* Release */,
			);
			defaultConfigurationIsVisible = 0;
			defaultConfigurationName = Release;
		};
		92619FED2EB5F3F7002F4361 /* Build configuration list for PBXNativeTarget "MovieDBUITests" */ = {
			isa = XCConfigurationList;
			buildConfigurations = (
				92619FEE2EB5F3F7002F4361 /* Debug */,
				92619FEF2EB5F3F7002F4361 /* Release */,
			);
			defaultConfigurationIsVisible = 0;
			defaultConfigurationName = Release;
		};
		92E3EA182CCC012D00160364 /* Build configuration list for PBXProject "MovieDB" */ = {
			isa = XCConfigurationList;
			buildConfigurations = (
				92E3EA2F2CCC013200160364 /* Debug */,
				92E3EA302CCC013200160364 /* Release */,
			);
			defaultConfigurationIsVisible = 0;
			defaultConfigurationName = Release;
		};
		92E3EA312CCC013200160364 /* Build configuration list for PBXNativeTarget "MovieDB" */ = {
			isa = XCConfigurationList;
			buildConfigurations = (
				92E3EA322CCC013200160364 /* Debug */,
				92E3EA332CCC013200160364 /* Release */,
			);
			defaultConfigurationIsVisible = 0;
			defaultConfigurationName = Release;
		};
/* End XCConfigurationList section */

/* Begin XCRemoteSwiftPackageReference section */
		92D438FE2D4D3012007667B1 /* XCRemoteSwiftPackageReference "Alamofire" */ = {
			isa = XCRemoteSwiftPackageReference;
			repositoryURL = "https://github.com/Alamofire/Alamofire.git";
			requirement = {
				kind = upToNextMajorVersion;
				minimumVersion = 5.10.2;
			};
		};
		92D439032D4D3031007667B1 /* XCRemoteSwiftPackageReference "RxSwift" */ = {
			isa = XCRemoteSwiftPackageReference;
			repositoryURL = "https://github.com/ReactiveX/RxSwift.git";
			requirement = {
				kind = upToNextMajorVersion;
				minimumVersion = 6.8.0;
			};
		};
		92D439042D4D3053007667B1 /* XCRemoteSwiftPackageReference "SDWebImage" */ = {
			isa = XCRemoteSwiftPackageReference;
			repositoryURL = "https://github.com/SDWebImage/SDWebImage.git";
			requirement = {
				kind = upToNextMajorVersion;
				minimumVersion = 5.20.0;
			};
		};
/* End XCRemoteSwiftPackageReference section */

/* Begin XCSwiftPackageProductDependency section */
		928E63732D4D3A600000CAE3 /* RxCocoa */ = {
			isa = XCSwiftPackageProductDependency;
			package = 92D439032D4D3031007667B1 /* XCRemoteSwiftPackageReference "RxSwift" */;
			productName = RxCocoa;
		};
		928E63752D4D3A660000CAE3 /* RxSwift */ = {
			isa = XCSwiftPackageProductDependency;
			package = 92D439032D4D3031007667B1 /* XCRemoteSwiftPackageReference "RxSwift" */;
			productName = RxSwift;
		};
		92D438FF2D4D3012007667B1 /* Alamofire */ = {
			isa = XCSwiftPackageProductDependency;
			package = 92D438FE2D4D3012007667B1 /* XCRemoteSwiftPackageReference "Alamofire" */;
			productName = Alamofire;
		};
		92D439052D4D3053007667B1 /* SDWebImage */ = {
			isa = XCSwiftPackageProductDependency;
			package = 92D439042D4D3053007667B1 /* XCRemoteSwiftPackageReference "SDWebImage" */;
			productName = SDWebImage;
		};
		92D439072D4D3053007667B1 /* SDWebImageMapKit */ = {
			isa = XCSwiftPackageProductDependency;
			package = 92D439042D4D3053007667B1 /* XCRemoteSwiftPackageReference "SDWebImage" */;
			productName = SDWebImageMapKit;
		};
/* End XCSwiftPackageProductDependency section */
	};
	rootObject = 92E3EA152CCC012D00160364 /* Project object */;
}
